<?xml version="1.0" encoding="utf-8"?>
<Project ToolsVersion="4.0" xmlns="http://schemas.microsoft.com/developer/msbuild/2003">
  <ItemGroup>
    <Filter Include="源文件">
      <UniqueIdentifier>{4FC737F1-C7A5-4376-A066-2A32D752A2FF}</UniqueIdentifier>
      <Extensions>cpp;c;cc;cxx;c++;cppm;ixx;def;odl;idl;hpj;bat;asm;asmx</Extensions>
    </Filter>
    <Filter Include="头文件">
      <UniqueIdentifier>{93995380-89BD-4b04-88EB-625FBE52EBFB}</UniqueIdentifier>
      <Extensions>h;hh;hpp;hxx;h++;hm;inl;inc;ipp;xsd</Extensions>
    </Filter>
    <Filter Include="资源文件">
      <UniqueIdentifier>{67DA6AB6-F800-4c08-8B7A-83BB121AAD01}</UniqueIdentifier>
      <Extensions>rc;ico;cur;bmp;dlg;rc2;rct;bin;rgs;gif;jpg;jpeg;jpe;resx;tiff;tif;png;wav;mfcribbon-ms</Extensions>
    </Filter>
    <Filter Include="头文件\include">
      <UniqueIdentifier>{361b09bc-27f5-4bde-9c09-936d641cfb55}</UniqueIdentifier>
    </Filter>
    <Filter Include="源文件\source">
      <UniqueIdentifier>{4a445280-be18-4914-884a-496cce6d3988}</UniqueIdentifier>
    </Filter>
    <Filter Include="头文件\view">
      <UniqueIdentifier>{1de3bfce-ff76-4f49-a517-505629faca31}</UniqueIdentifier>
    </Filter>
    <Filter Include="源文件\view">
      <UniqueIdentifier>{d1f9ae9c-d0a7-4581-9988-767e93cb2789}</UniqueIdentifier>
    </Filter>
    <Filter Include="头文件\graphics">
      <UniqueIdentifier>{24a10be4-4036-4600-8e59-44365a97dd1e}</UniqueIdentifier>
    </Filter>
    <Filter Include="头文件\graphics\two_dimensional_graphics">
      <UniqueIdentifier>{af689290-690a-4558-bcc1-838e354eb117}</UniqueIdentifier>
    </Filter>
    <Filter Include="头文件\graphics\three_dimensional_graphics">
      <UniqueIdentifier>{20c3dd87-0c29-45a2-aa02-405f81d558ba}</UniqueIdentifier>
    </Filter>
    <Filter Include="源文件\graphics">
      <UniqueIdentifier>{158785b2-5aa2-458c-82e7-1d03d400193c}</UniqueIdentifier>
    </Filter>
    <Filter Include="源文件\graphics\three_dimensional_graphics">
      <UniqueIdentifier>{34f12797-a5a0-4c00-ba94-d4dedaa5b5cb}</UniqueIdentifier>
    </Filter>
    <Filter Include="源文件\graphics\two_dimensional_graphics">
      <UniqueIdentifier>{c084b8fa-f7e0-42ed-8de8-91978e80878a}</UniqueIdentifier>
    </Filter>
    <Filter Include="头文件\utils">
      <UniqueIdentifier>{15d997dc-8777-415d-ab74-f71fd74697b6}</UniqueIdentifier>
    </Filter>
    <Filter Include="源文件\utils">
      <UniqueIdentifier>{38602309-e51e-4cc5-8568-f7cfd49bdaad}</UniqueIdentifier>
    </Filter>
    <Filter Include="源文件\graphics\two_dimensional_graphics\basic">
      <UniqueIdentifier>{2fb3fb8b-d2b0-4f82-a58d-9b0cc50dc363}</UniqueIdentifier>
    </Filter>
    <Filter Include="源文件\graphics\two_dimensional_graphics\composite">
      <UniqueIdentifier>{691ac68e-ad9b-4a89-af8d-93953aee7515}</UniqueIdentifier>
    </Filter>
    <Filter Include="头文件\graphics\two_dimensional_graphics\basic">
      <UniqueIdentifier>{2d2d5204-1c7c-48c3-805d-81ae3d2dd5f1}</UniqueIdentifier>
    </Filter>
    <Filter Include="头文件\graphics\two_dimensional_graphics\composite">
      <UniqueIdentifier>{c3e7aba0-6b6c-4704-84a3-f2e0380088e5}</UniqueIdentifier>
    </Filter>
    <Filter Include="头文件\graphics\two_dimensional_graphics\base">
      <UniqueIdentifier>{73177903-d54d-4172-bfc7-d84c4242f5c9}</UniqueIdentifier>
    </Filter>
    <Filter Include="头文件\graphics\two_dimensional_graphics\curve">
      <UniqueIdentifier>{6ebdeced-b0d7-43fa-b3b7-36c52661dd8f}</UniqueIdentifier>
    </Filter>
    <Filter Include="源文件\graphics\two_dimensional_graphics\curve">
      <UniqueIdentifier>{2087fa5e-3382-4605-9af4-0da908ff2e8c}</UniqueIdentifier>
    </Filter>
    <Filter Include="头文件\graphics\two_dimensional_graphics\clip">
      <UniqueIdentifier>{520e6447-49b4-4f29-a554-83bb4a6fabfa}</UniqueIdentifier>
    </Filter>
    <Filter Include="源文件\graphics\two_dimensional_graphics\clip">
      <UniqueIdentifier>{45fe7229-1411-4753-b638-2a510fe403b3}</UniqueIdentifier>
    </Filter>
  </ItemGroup>
  <ItemGroup>
    <ClInclude Include="framework.h">
      <Filter>头文件\include</Filter>
    </ClInclude>
    <ClInclude Include="MainFrm.h">
      <Filter>头文件\include</Filter>
    </ClInclude>
    <ClInclude Include="pch.h">
      <Filter>头文件\include</Filter>
    </ClInclude>
    <ClInclude Include="Resource.h">
      <Filter>头文件\include</Filter>
    </ClInclude>
    <ClInclude Include="SketchPad.h">
      <Filter>头文件\include</Filter>
    </ClInclude>
    <ClInclude Include="SketchPadDoc.h">
      <Filter>头文件\include</Filter>
    </ClInclude>
    <ClInclude Include="SketchPadView.h">
      <Filter>头文件\view</Filter>
    </ClInclude>
    <ClInclude Include="targetver.h">
      <Filter>头文件\include</Filter>
    </ClInclude>
    <ClInclude Include="AxisUtil.h">
      <Filter>头文件\utils</Filter>
    </ClInclude>
    <ClInclude Include="Circle.h">
      <Filter>头文件\graphics\two_dimensional_graphics\basic</Filter>
    </ClInclude>
    <ClInclude Include="Ellipse.h">
      <Filter>头文件\graphics\two_dimensional_graphics\basic</Filter>
    </ClInclude>
    <ClInclude Include="Line.h">
      <Filter>头文件\graphics\two_dimensional_graphics\basic</Filter>
    </ClInclude>
    <ClInclude Include="Octagon.h">
      <Filter>头文件\graphics\two_dimensional_graphics\basic</Filter>
    </ClInclude>
    <ClInclude Include="Hexagon.h">
      <Filter>头文件\graphics\two_dimensional_graphics\composite</Filter>
    </ClInclude>
    <ClInclude Include="TransformUtil.h">
      <Filter>头文件\utils</Filter>
    </ClInclude>
    <ClInclude Include="Graphic.h">
      <Filter>头文件\graphics\two_dimensional_graphics\base</Filter>
    </ClInclude>
    <ClInclude Include="FourthOrderBezier.h">
      <Filter>头文件\graphics\two_dimensional_graphics\curve</Filter>
    </ClInclude>
    <ClInclude Include="CubicBspline.h">
      <Filter>头文件\graphics\two_dimensional_graphics\curve</Filter>
    </ClInclude>
    <ClInclude Include="CubicBezierSplice.h">
      <Filter>头文件\graphics\two_dimensional_graphics\curve</Filter>
    </ClInclude>
    <ClInclude Include="Polygon.h">
      <Filter>头文件\graphics\two_dimensional_graphics\clip</Filter>
    </ClInclude>
  </ItemGroup>
  <ItemGroup>
    <ClCompile Include="MainFrm.cpp">
      <Filter>源文件\source</Filter>
    </ClCompile>
    <ClCompile Include="pch.cpp">
      <Filter>源文件\source</Filter>
    </ClCompile>
    <ClCompile Include="SketchPad.cpp">
      <Filter>源文件\source</Filter>
    </ClCompile>
    <ClCompile Include="SketchPadDoc.cpp">
      <Filter>源文件\source</Filter>
    </ClCompile>
    <ClCompile Include="SketchPadView.cpp">
      <Filter>源文件\view</Filter>
    </ClCompile>
    <ClCompile Include="AxisUtil.cpp">
      <Filter>源文件\utils</Filter>
    </ClCompile>
    <ClCompile Include="Hexagon.cpp">
      <Filter>源文件\graphics\two_dimensional_graphics\composite</Filter>
    </ClCompile>
    <ClCompile Include="Circle.cpp">
      <Filter>源文件\graphics\two_dimensional_graphics\basic</Filter>
    </ClCompile>
    <ClCompile Include="Ellipse.cpp">
      <Filter>源文件\graphics\two_dimensional_graphics\basic</Filter>
    </ClCompile>
    <ClCompile Include="Line.cpp">
      <Filter>源文件\graphics\two_dimensional_graphics\basic</Filter>
    </ClCompile>
    <ClCompile Include="Octagon.cpp">
      <Filter>源文件\graphics\two_dimensional_graphics\basic</Filter>
    </ClCompile>
    <ClCompile Include="TransformUtil.cpp">
      <Filter>源文件\utils</Filter>
    </ClCompile>
    <ClCompile Include="FourthOrderBezier.cpp">
      <Filter>源文件\graphics\two_dimensional_graphics\curve</Filter>
    </ClCompile>
    <ClCompile Include="CubicBspline.cpp">
      <Filter>源文件\graphics\two_dimensional_graphics\curve</Filter>
    </ClCompile>
    <ClCompile Include="CubicBezierSplice.cpp">
      <Filter>源文件\graphics\two_dimensional_graphics\curve</Filter>
    </ClCompile>
    <ClCompile Include="Polygon.cpp">
      <Filter>源文件\graphics\two_dimensional_graphics\clip</Filter>
    </ClCompile>
  </ItemGroup>
  <ItemGroup>
    <ResourceCompile Include="SketchPad.rc">
      <Filter>资源文件</Filter>
    </ResourceCompile>
  </ItemGroup>
  <ItemGroup>
    <None Include="res\SketchPad.rc2">
      <Filter>资源文件</Filter>
    </None>
  </ItemGroup>
  <ItemGroup>
    <Image Include="res\SketchPadDoc.ico">
      <Filter>资源文件</Filter>
    </Image>
    <Image Include="res\SketchPad.ico">
      <Filter>资源文件</Filter>
    </Image>
    <Image Include="res\Toolbar.bmp">
      <Filter>资源文件</Filter>
    </Image>
  </ItemGroup>
</Project>